
Microsoft Visual Studio Solution File, Format Version 12.00
# Visual Studio Version 17
VisualStudioVersion = 17.8.34330.188
MinimumVisualStudioVersion = 10.0.40219.1
Project("{FAE04EC0-301F-11D3-BF4B-00C04F79EFBC}") = "NetCoreLinqToSqlInjection", "NetCoreLinqToSqlInjection\NetCoreLinqToSqlInjection.csproj", "{89665496-6E6C-4C9A-B896-B952824B5671}"
EndProject
Global
	GlobalSection(SolutionConfigurationPlatforms) = preSolution
		Debug|Any CPU = Debug|Any CPU
		Release|Any CPU = Release|Any CPU
	EndGlobalSection
	GlobalSection(ProjectConfigurationPlatforms) = postSolution
		{89665496-6E6C-4C9A-B896-B952824B5671}.Debug|Any CPU.ActiveCfg = Debug|Any CPU
		{89665496-6E6C-4C9A-B896-B952824B5671}.Debug|Any CPU.Build.0 = Debug|Any CPU
		{89665496-6E6C-4C9A-B896-B952824B5671}.Release|Any CPU.ActiveCfg = Release|Any CPU
		{89665496-6E6C-4C9A-B896-B952824B5671}.Release|Any CPU.Build.0 = Release|Any CPU
	EndGlobalSection
	GlobalSection(SolutionProperties) = preSolution
		HideSolutionNode = FALSE
	EndGlobalSection
	GlobalSection(ExtensibilityGlobals) = postSolution
		SolutionGuid = {3194A953-00D2-494B-B8C2-F907DBA9DE38}
	EndGlobalSection
EndGlobal
